
Microsoft Visual Studio Solution File, Format Version 12.00
# Visual Studio Version 16
VisualStudioVersion = 16.0.30717.126
MinimumVisualStudioVersion = 10.0.40219.1
Project("{8BC9CEB8-8B4A-11D0-8D11-00A0C91BC942}") = "갇힌 입자", "갇힌 입자.vcxproj", "{6BF4421F-0868-4938-81C6-E52AF7A241AA}"
EndProject
Global
	GlobalSection(SolutionConfigurationPlatforms) = preSolution
		Debug|x64 = Debug|x64
		Debug|x86 = Debug|x86
		Release|x64 = Release|x64
		Release|x86 = Release|x86
	EndGlobalSection
	GlobalSection(ProjectConfigurationPlatforms) = postSolution
		{6BF4421F-0868-4938-81C6-E52AF7A241AA}.Debug|x64.ActiveCfg = Debug|x64
		{6BF4421F-0868-4938-81C6-E52AF7A241AA}.Debug|x64.Build.0 = Debug|x64
		{6BF4421F-0868-4938-81C6-E52AF7A241AA}.Debug|x86.ActiveCfg = Debug|Win32
		{6BF4421F-0868-4938-81C6-E52AF7A241AA}.Debug|x86.Build.0 = Debug|Win32
		{6BF4421F-0868-4938-81C6-E52AF7A241AA}.Release|x64.ActiveCfg = Release|x64
		{6BF4421F-0868-4938-81C6-E52AF7A241AA}.Release|x64.Build.0 = Release|x64
		{6BF4421F-0868-4938-81C6-E52AF7A241AA}.Release|x86.ActiveCfg = Release|Win32
		{6BF4421F-0868-4938-81C6-E52AF7A241AA}.Release|x86.Build.0 = Release|Win32
	EndGlobalSection
	GlobalSection(SolutionProperties) = preSolution
		HideSolutionNode = FALSE
	EndGlobalSection
	GlobalSection(ExtensibilityGlobals) = postSolution
		SolutionGuid = {AD23F09D-23E4-44B1-B379-A0E9A70F00BC}
	EndGlobalSection
EndGlobal
